
Microsoft Visual Studio Solution File, Format Version 12.00
Project("{FAE04EC0-301F-11D3-BF4B-00C04F79EFBC}") = "maui_repro_7930", "maui_repro_7930\maui_repro_7930.csproj", "{BA1BE71B-F4C9-4C0D-9008-5F2165EDE205}"
EndProject
Global
	GlobalSection(SolutionConfigurationPlatforms) = preSolution
		Debug|Any CPU = Debug|Any CPU
		Release|Any CPU = Release|Any CPU
	EndGlobalSection
	GlobalSection(ProjectConfigurationPlatforms) = postSolution
		{BA1BE71B-F4C9-4C0D-9008-5F2165EDE205}.Debug|Any CPU.ActiveCfg = Debug|Any CPU
		{BA1BE71B-F4C9-4C0D-9008-5F2165EDE205}.Debug|Any CPU.Build.0 = Debug|Any CPU
		{BA1BE71B-F4C9-4C0D-9008-5F2165EDE205}.Release|Any CPU.ActiveCfg = Release|Any CPU
		{BA1BE71B-F4C9-4C0D-9008-5F2165EDE205}.Release|Any CPU.Build.0 = Release|Any CPU
	EndGlobalSection
EndGlobal
